
Microsoft Visual Studio Solution File, Format Version 12.00
# Visual Studio Version 17
VisualStudioVersion = 17.3.32819.101
MinimumVisualStudioVersion = 10.0.40219.1
Project("{FAE04EC0-301F-11D3-BF4B-00C04F79EFBC}") = "ATMApp", "ATMApp\ATMApp.csproj", "{A1CC6144-4C96-43AA-BF3F-886503B9BE31}"
EndProject
Global
	GlobalSection(SolutionConfigurationPlatforms) = preSolution
		Debug|Any CPU = Debug|Any CPU
		Release|Any CPU = Release|Any CPU
	EndGlobalSection
	GlobalSection(ProjectConfigurationPlatforms) = postSolution
		{A1CC6144-4C96-43AA-BF3F-886503B9BE31}.Debug|Any CPU.ActiveCfg = Debug|Any CPU
		{A1CC6144-4C96-43AA-BF3F-886503B9BE31}.Debug|Any CPU.Build.0 = Debug|Any CPU
		{A1CC6144-4C96-43AA-BF3F-886503B9BE31}.Release|Any CPU.ActiveCfg = Release|Any CPU
		{A1CC6144-4C96-43AA-BF3F-886503B9BE31}.Release|Any CPU.Build.0 = Release|Any CPU
	EndGlobalSection
	GlobalSection(SolutionProperties) = preSolution
		HideSolutionNode = FALSE
	EndGlobalSection
	GlobalSection(ExtensibilityGlobals) = postSolution
		SolutionGuid = {AD533088-3657-4A35-A8FF-74708D30882A}
	EndGlobalSection
EndGlobal
